
Microsoft Visual Studio Solution File, Format Version 12.00
# Visual Studio 15
VisualStudioVersion = 15.0.26730.16
MinimumVisualStudioVersion = 10.0.40219.1
Project("{FAE04EC0-301F-11D3-BF4B-00C04F79EFBC}") = "Boop.Android", "Boop\Boop.Android\Boop.Android.csproj", "{B20DD7DC-6F54-4D22-BE45-B6256F32C413}"
EndProject
Project("{FAE04EC0-301F-11D3-BF4B-00C04F79EFBC}") = "Boop", "Boop\Boop\Boop.csproj", "{F345E7D3-E9B6-42F3-A11C-5CD2DDBE0ECD}"
EndProject
Project("{FAE04EC0-301F-11D3-BF4B-00C04F79EFBC}") = "Boop.UWP", "Boop\Boop.UWP\Boop.UWP.csproj", "{9651E45F-3A96-4885-A249-F75A20157D21}"
EndProject
Project("{FAE04EC0-301F-11D3-BF4B-00C04F79EFBC}") = "Boop.iOS", "Boop\Boop.iOS\Boop.iOS.csproj", "{F34C43BB-BDA7-4791-8A09-F8A8504F3EA8}"
EndProject
Global
	GlobalSection(SolutionConfigurationPlatforms) = preSolution
		Ad-Hoc|Any CPU = Ad-Hoc|Any CPU
		Ad-Hoc|ARM = Ad-Hoc|ARM
		Ad-Hoc|iPhone = Ad-Hoc|iPhone
		Ad-Hoc|iPhoneSimulator = Ad-Hoc|iPhoneSimulator
		Ad-Hoc|x64 = Ad-Hoc|x64
		Ad-Hoc|x86 = Ad-Hoc|x86
		AppStore|Any CPU = AppStore|Any CPU
		AppStore|ARM = AppStore|ARM
		AppStore|iPhone = AppStore|iPhone
		AppStore|iPhoneSimulator = AppStore|iPhoneSimulator
		AppStore|x64 = AppStore|x64
		AppStore|x86 = AppStore|x86
		Debug|Any CPU = Debug|Any CPU
		Debug|ARM = Debug|ARM
		Debug|iPhone = Debug|iPhone
		Debug|iPhoneSimulator = Debug|iPhoneSimulator
		Debug|x64 = Debug|x64
		Debug|x86 = Debug|x86
		Release|Any CPU = Release|Any CPU
		Release|ARM = Release|ARM
		Release|iPhone = Release|iPhone
		Release|iPhoneSimulator = Release|iPhoneSimulator
		Release|x64 = Release|x64
		Release|x86 = Release|x86
	EndGlobalSection
	GlobalSection(ProjectConfigurationPlatforms) = postSolution
		{B20DD7DC-6F54-4D22-BE45-B6256F32C413}.Ad-Hoc|Any CPU.ActiveCfg = Release|Any CPU
		{B20DD7DC-6F54-4D22-BE45-B6256F32C413}.Ad-Hoc|Any CPU.Build.0 = Release|Any CPU
		{B20DD7DC-6F54-4D22-BE45-B6256F32C413}.Ad-Hoc|Any CPU.Deploy.0 = Release|Any CPU
		{B20DD7DC-6F54-4D22-BE45-B6256F32C413}.Ad-Hoc|ARM.ActiveCfg = Release|Any CPU
		{B20DD7DC-6F54-4D22-BE45-B6256F32C413}.Ad-Hoc|ARM.Build.0 = Release|Any CPU
		{B20DD7DC-6F54-4D22-BE45-B6256F32C413}.Ad-Hoc|ARM.Deploy.0 = Release|Any CPU
		{B20DD7DC-6F54-4D22-BE45-B6256F32C413}.Ad-Hoc|iPhone.ActiveCfg = Release|Any CPU
		{B20DD7DC-6F54-4D22-BE45-B6256F32C413}.Ad-Hoc|iPhone.Build.0 = Release|Any CPU
		{B20DD7DC-6F54-4D22-BE45-B6256F32C413}.Ad-Hoc|iPhone.Deploy.0 = Release|Any CPU
		{B20DD7DC-6F54-4D22-BE45-B6256F32C413}.Ad-Hoc|iPhoneSimulator.ActiveCfg = Release|Any CPU
		{B20DD7DC-6F54-4D22-BE45-B6256F32C413}.Ad-Hoc|iPhoneSimulator.Build.0 = Release|Any CPU
		{B20DD7DC-6F54-4D22-BE45-B6256F32C413}.Ad-Hoc|iPhoneSimulator.Deploy.0 = Release|Any CPU
		{B20DD7DC-6F54-4D22-BE45-B6256F32C413}.Ad-Hoc|x64.ActiveCfg = Release|Any CPU
		{B20DD7DC-6F54-4D22-BE45-B6256F32C413}.Ad-Hoc|x64.Build.0 = Release|Any CPU
		{B20DD7DC-6F54-4D22-BE45-B6256F32C413}.Ad-Hoc|x64.Deploy.0 = Release|Any CPU
		{B20DD7DC-6F54-4D22-BE45-B6256F32C413}.Ad-Hoc|x86.ActiveCfg = Release|Any CPU
		{B20DD7DC-6F54-4D22-BE45-B6256F32C413}.Ad-Hoc|x86.Build.0 = Release|Any CPU
		{B20DD7DC-6F54-4D22-BE45-B6256F32C413}.Ad-Hoc|x86.Deploy.0 = Release|Any CPU
		{B20DD7DC-6F54-4D22-BE45-B6256F32C413}.AppStore|Any CPU.ActiveCfg = Release|Any CPU
		{B20DD7DC-6F54-4D22-BE45-B6256F32C413}.AppStore|Any CPU.Build.0 = Release|Any CPU
		{B20DD7DC-6F54-4D22-BE45-B6256F32C413}.AppStore|Any CPU.Deploy.0 = Release|Any CPU
		{B20DD7DC-6F54-4D22-BE45-B6256F32C413}.AppStore|ARM.ActiveCfg = Release|Any CPU
		{B20DD7DC-6F54-4D22-BE45-B6256F32C413}.AppStore|ARM.Build.0 = Release|Any CPU
		{B20DD7DC-6F54-4D22-BE45-B6256F32C413}.AppStore|ARM.Deploy.0 = Release|Any CPU
		{B20DD7DC-6F54-4D22-BE45-B6256F32C413}.AppStore|iPhone.ActiveCfg = Release|Any CPU
		{B20DD7DC-6F54-4D22-BE45-B6256F32C413}.AppStore|iPhone.Build.0 = Release|Any CPU
		{B20DD7DC-6F54-4D22-BE45-B6256F32C413}.AppStore|iPhone.Deploy.0 = Release|Any CPU
		{B20DD7DC-6F54-4D22-BE45-B6256F32C413}.AppStore|iPhoneSimulator.ActiveCfg = Release|Any CPU
		{B20DD7DC-6F54-4D22-BE45-B6256F32C413}.AppStore|iPhoneSimulator.Build.0 = Release|Any CPU
		{B20DD7DC-6F54-4D22-BE45-B6256F32C413}.AppStore|iPhoneSimulator.Deploy.0 = Release|Any CPU
		{B20DD7DC-6F54-4D22-BE45-B6256F32C413}.AppStore|x64.ActiveCfg = Release|Any CPU
		{B20DD7DC-6F54-4D22-BE45-B6256F32C413}.AppStore|x64.Build.0 = Release|Any CPU
		{B20DD7DC-6F54-4D22-BE45-B6256F32C413}.AppStore|x64.Deploy.0 = Release|Any CPU
		{B20DD7DC-6F54-4D22-BE45-B6256F32C413}.AppStore|x86.ActiveCfg = Release|Any CPU
		{B20DD7DC-6F54-4D22-BE45-B6256F32C413}.AppStore|x86.Build.0 = Release|Any CPU
		{B20DD7DC-6F54-4D22-BE45-B6256F32C413}.AppStore|x86.Deploy.0 = Release|Any CPU
		{B20DD7DC-6F54-4D22-BE45-B6256F32C413}.Debug|Any CPU.ActiveCfg = Debug|Any CPU
		{B20DD7DC-6F54-4D22-BE45-B6256F32C413}.Debug|Any CPU.Build.0 = Debug|Any CPU
		{B20DD7DC-6F54-4D22-BE45-B6256F32C413}.Debug|Any CPU.Deploy.0 = Debug|Any CPU
		{B20DD7DC-6F54-4D22-BE45-B6256F32C413}.Debug|ARM.ActiveCfg = Debug|Any CPU
		{B20DD7DC-6F54-4D22-BE45-B6256F32C413}.Debug|ARM.Build.0 = Debug|Any CPU
		{B20DD7DC-6F54-4D22-BE45-B6256F32C413}.Debug|ARM.Deploy.0 = Debug|Any CPU
		{B20DD7DC-6F54-4D22-BE45-B6256F32C413}.Debug|iPhone.ActiveCfg = Debug|Any CPU
		{B20DD7DC-6F54-4D22-BE45-B6256F32C413}.Debug|iPhone.Build.0 = Debug|Any CPU
		{B20DD7DC-6F54-4D22-BE45-B6256F32C413}.Debug|iPhone.Deploy.0 = Debug|Any CPU
		{B20DD7DC-6F54-4D22-BE45-B6256F32C413}.Debug|iPhoneSimulator.ActiveCfg = Debug|Any CPU
		{B20DD7DC-6F54-4D22-BE45-B6256F32C413}.Debug|iPhoneSimulator.Build.0 = Debug|Any CPU
		{B20DD7DC-6F54-4D22-BE45-B6256F32C413}.Debug|iPhoneSimulator.Deploy.0 = Debug|Any CPU
		{B20DD7DC-6F54-4D22-BE45-B6256F32C413}.Debug|x64.ActiveCfg = Debug|Any CPU
		{B20DD7DC-6F54-4D22-BE45-B6256F32C413}.Debug|x64.Build.0 = Debug|Any CPU
		{B20DD7DC-6F54-4D22-BE45-B6256F32C413}.Debug|x64.Deploy.0 = Debug|Any CPU
		{B20DD7DC-6F54-4D22-BE45-B6256F32C413}.Debug|x86.ActiveCfg = Debug|Any CPU
		{B20DD7DC-6F54-4D22-BE45-B6256F32C413}.Debug|x86.Build.0 = Debug|Any CPU
		{B20DD7DC-6F54-4D22-BE45-B6256F32C413}.Debug|x86.Deploy.0 = Debug|Any CPU
		{B20DD7DC-6F54-4D22-BE45-B6256F32C413}.Release|Any CPU.ActiveCfg = Release|Any CPU
		{B20DD7DC-6F54-4D22-BE45-B6256F32C413}.Release|Any CPU.Build.0 = Release|Any CPU
		{B20DD7DC-6F54-4D22-BE45-B6256F32C413}.Release|Any CPU.Deploy.0 = Release|Any CPU
		{B20DD7DC-6F54-4D22-BE45-B6256F32C413}.Release|ARM.ActiveCfg = Release|Any CPU
		{B20DD7DC-6F54-4D22-BE45-B6256F32C413}.Release|ARM.Build.0 = Release|Any CPU
		{B20DD7DC-6F54-4D22-BE45-B6256F32C413}.Release|ARM.Deploy.0 = Release|Any CPU
		{B20DD7DC-6F54-4D22-BE45-B6256F32C413}.Release|iPhone.ActiveCfg = Release|Any CPU
		{B20DD7DC-6F54-4D22-BE45-B6256F32C413}.Release|iPhone.Build.0 = Release|Any CPU
		{B20DD7DC-6F54-4D22-BE45-B6256F32C413}.Release|iPhone.Deploy.0 = Release|Any CPU
		{B20DD7DC-6F54-4D22-BE45-B6256F32C413}.Release|iPhoneSimulator.ActiveCfg = Release|Any CPU
		{B20DD7DC-6F54-4D22-BE45-B6256F32C413}.Release|iPhoneSimulator.Build.0 = Release|Any CPU
		{B20DD7DC-6F54-4D22-BE45-B6256F32C413}.Release|iPhoneSimulator.Deploy.0 = Release|Any CPU
		{B20DD7DC-6F54-4D22-BE45-B6256F32C413}.Release|x64.ActiveCfg = Release|Any CPU
		{B20DD7DC-6F54-4D22-BE45-B6256F32C413}.Release|x64.Build.0 = Release|Any CPU
		{B20DD7DC-6F54-4D22-BE45-B6256F32C413}.Release|x64.Deploy.0 = Release|Any CPU
		{B20DD7DC-6F54-4D22-BE45-B6256F32C413}.Release|x86.ActiveCfg = Release|Any CPU
		{B20DD7DC-6F54-4D22-BE45-B6256F32C413}.Release|x86.Build.0 = Release|Any CPU
		{B20DD7DC-6F54-4D22-BE45-B6256F32C413}.Release|x86.Deploy.0 = Release|Any CPU
		{F345E7D3-E9B6-42F3-A11C-5CD2DDBE0ECD}.Ad-Hoc|Any CPU.ActiveCfg = Release|Any CPU
		{F345E7D3-E9B6-42F3-A11C-5CD2DDBE0ECD}.Ad-Hoc|Any CPU.Build.0 = Release|Any CPU
		{F345E7D3-E9B6-42F3-A11C-5CD2DDBE0ECD}.Ad-Hoc|ARM.ActiveCfg = Release|Any CPU
		{F345E7D3-E9B6-42F3-A11C-5CD2DDBE0ECD}.Ad-Hoc|ARM.Build.0 = Release|Any CPU
		{F345E7D3-E9B6-42F3-A11C-5CD2DDBE0ECD}.Ad-Hoc|iPhone.ActiveCfg = Release|Any CPU
		{F345E7D3-E9B6-42F3-A11C-5CD2DDBE0ECD}.Ad-Hoc|iPhone.Build.0 = Release|Any CPU
		{F345E7D3-E9B6-42F3-A11C-5CD2DDBE0ECD}.Ad-Hoc|iPhoneSimulator.ActiveCfg = Release|Any CPU
		{F345E7D3-E9B6-42F3-A11C-5CD2DDBE0ECD}.Ad-Hoc|iPhoneSimulator.Build.0 = Release|Any CPU
		{F345E7D3-E9B6-42F3-A11C-5CD2DDBE0ECD}.Ad-Hoc|x64.ActiveCfg = Release|Any CPU
		{F345E7D3-E9B6-42F3-A11C-5CD2DDBE0ECD}.Ad-Hoc|x64.Build.0 = Release|Any CPU
		{F345E7D3-E9B6-42F3-A11C-5CD2DDBE0ECD}.Ad-Hoc|x86.ActiveCfg = Release|Any CPU
		{F345E7D3-E9B6-42F3-A11C-5CD2DDBE0ECD}.Ad-Hoc|x86.Build.0 = Release|Any CPU
		{F345E7D3-E9B6-42F3-A11C-5CD2DDBE0ECD}.AppStore|Any CPU.ActiveCfg = Release|Any CPU
		{F345E7D3-E9B6-42F3-A11C-5CD2DDBE0ECD}.AppStore|Any CPU.Build.0 = Release|Any CPU
		{F345E7D3-E9B6-42F3-A11C-5CD2DDBE0ECD}.AppStore|ARM.ActiveCfg = Release|Any CPU
		{F345E7D3-E9B6-42F3-A11C-5CD2DDBE0ECD}.AppStore|ARM.Build.0 = Release|Any CPU
		{F345E7D3-E9B6-42F3-A11C-5CD2DDBE0ECD}.AppStore|iPhone.ActiveCfg = Release|Any CPU
		{F345E7D3-E9B6-42F3-A11C-5CD2DDBE0ECD}.AppStore|iPhone.Build.0 = Release|Any CPU
		{F345E7D3-E9B6-42F3-A11C-5CD2DDBE0ECD}.AppStore|iPhoneSimulator.ActiveCfg = Release|Any CPU
		{F345E7D3-E9B6-42F3-A11C-5CD2DDBE0ECD}.AppStore|iPhoneSimulator.Build.0 = Release|Any CPU
		{F345E7D3-E9B6-42F3-A11C-5CD2DDBE0ECD}.AppStore|x64.ActiveCfg = Release|Any CPU
		{F345E7D3-E9B6-42F3-A11C-5CD2DDBE0ECD}.AppStore|x64.Build.0 = Release|Any CPU
		{F345E7D3-E9B6-42F3-A11C-5CD2DDBE0ECD}.AppStore|x86.ActiveCfg = Release|Any CPU
		{F345E7D3-E9B6-42F3-A11C-5CD2DDBE0ECD}.AppStore|x86.Build.0 = Release|Any CPU
		{F345E7D3-E9B6-42F3-A11C-5CD2DDBE0ECD}.Debug|Any CPU.ActiveCfg = Debug|Any CPU
		{F345E7D3-E9B6-42F3-A11C-5CD2DDBE0ECD}.Debug|Any CPU.Build.0 = Debug|Any CPU
		{F345E7D3-E9B6-42F3-A11C-5CD2DDBE0ECD}.Debug|ARM.ActiveCfg = Debug|Any CPU
		{F345E7D3-E9B6-42F3-A11C-5CD2DDBE0ECD}.Debug|ARM.Build.0 = Debug|Any CPU
		{F345E7D3-E9B6-42F3-A11C-5CD2DDBE0ECD}.Debug|iPhone.ActiveCfg = Debug|Any CPU
		{F345E7D3-E9B6-42F3-A11C-5CD2DDBE0ECD}.Debug|iPhone.Build.0 = Debug|Any CPU
		{F345E7D3-E9B6-42F3-A11C-5CD2DDBE0ECD}.Debug|iPhoneSimulator.ActiveCfg = Debug|Any CPU
		{F345E7D3-E9B6-42F3-A11C-5CD2DDBE0ECD}.Debug|iPhoneSimulator.Build.0 = Debug|Any CPU
		{F345E7D3-E9B6-42F3-A11C-5CD2DDBE0ECD}.Debug|x64.ActiveCfg = Debug|Any CPU
		{F345E7D3-E9B6-42F3-A11C-5CD2DDBE0ECD}.Debug|x64.Build.0 = Debug|Any CPU
		{F345E7D3-E9B6-42F3-A11C-5CD2DDBE0ECD}.Debug|x86.ActiveCfg = Debug|Any CPU
		{F345E7D3-E9B6-42F3-A11C-5CD2DDBE0ECD}.Debug|x86.Build.0 = Debug|Any CPU
		{F345E7D3-E9B6-42F3-A11C-5CD2DDBE0ECD}.Release|Any CPU.ActiveCfg = Release|Any CPU
		{F345E7D3-E9B6-42F3-A11C-5CD2DDBE0ECD}.Release|Any CPU.Build.0 = Release|Any CPU
		{F345E7D3-E9B6-42F3-A11C-5CD2DDBE0ECD}.Release|ARM.ActiveCfg = Release|Any CPU
		{F345E7D3-E9B6-42F3-A11C-5CD2DDBE0ECD}.Release|ARM.Build.0 = Release|Any CPU
		{F345E7D3-E9B6-42F3-A11C-5CD2DDBE0ECD}.Release|iPhone.ActiveCfg = Release|Any CPU
		{F345E7D3-E9B6-42F3-A11C-5CD2DDBE0ECD}.Release|iPhone.Build.0 = Release|Any CPU
		{F345E7D3-E9B6-42F3-A11C-5CD2DDBE0ECD}.Release|iPhoneSimulator.ActiveCfg = Release|Any CPU
		{F345E7D3-E9B6-42F3-A11C-5CD2DDBE0ECD}.Release|iPhoneSimulator.Build.0 = Release|Any CPU
		{F345E7D3-E9B6-42F3-A11C-5CD2DDBE0ECD}.Release|x64.ActiveCfg = Release|Any CPU
		{F345E7D3-E9B6-42F3-A11C-5CD2DDBE0ECD}.Release|x64.Build.0 = Release|Any CPU
		{F345E7D3-E9B6-42F3-A11C-5CD2DDBE0ECD}.Release|x86.ActiveCfg = Release|Any CPU
		{F345E7D3-E9B6-42F3-A11C-5CD2DDBE0ECD}.Release|x86.Build.0 = Release|Any CPU
		{9651E45F-3A96-4885-A249-F75A20157D21}.Ad-Hoc|Any CPU.ActiveCfg = Release|x86
		{9651E45F-3A96-4885-A249-F75A20157D21}.Ad-Hoc|Any CPU.Build.0 = Release|x86
		{9651E45F-3A96-4885-A249-F75A20157D21}.Ad-Hoc|Any CPU.Deploy.0 = Release|x86
		{9651E45F-3A96-4885-A249-F75A20157D21}.Ad-Hoc|ARM.ActiveCfg = Release|ARM
		{9651E45F-3A96-4885-A249-F75A20157D21}.Ad-Hoc|ARM.Build.0 = Release|ARM
		{9651E45F-3A96-4885-A249-F75A20157D21}.Ad-Hoc|ARM.Deploy.0 = Release|ARM
		{9651E45F-3A96-4885-A249-F75A20157D21}.Ad-Hoc|iPhone.ActiveCfg = Release|x86
		{9651E45F-3A96-4885-A249-F75A20157D21}.Ad-Hoc|iPhone.Build.0 = Release|x86
		{9651E45F-3A96-4885-A249-F75A20157D21}.Ad-Hoc|iPhone.Deploy.0 = Release|x86
		{9651E45F-3A96-4885-A249-F75A20157D21}.Ad-Hoc|iPhoneSimulator.ActiveCfg = Release|x86
		{9651E45F-3A96-4885-A249-F75A20157D21}.Ad-Hoc|iPhoneSimulator.Build.0 = Release|x86
		{9651E45F-3A96-4885-A249-F75A20157D21}.Ad-Hoc|iPhoneSimulator.Deploy.0 = Release|x86
		{9651E45F-3A96-4885-A249-F75A20157D21}.Ad-Hoc|x64.ActiveCfg = Release|x64
		{9651E45F-3A96-4885-A249-F75A20157D21}.Ad-Hoc|x64.Build.0 = Release|x64
		{9651E45F-3A96-4885-A249-F75A20157D21}.Ad-Hoc|x64.Deploy.0 = Release|x64
		{9651E45F-3A96-4885-A249-F75A20157D21}.Ad-Hoc|x86.ActiveCfg = Release|x86
		{9651E45F-3A96-4885-A249-F75A20157D21}.Ad-Hoc|x86.Build.0 = Release|x86
		{9651E45F-3A96-4885-A249-F75A20157D21}.Ad-Hoc|x86.Deploy.0 = Release|x86
		{9651E45F-3A96-4885-A249-F75A20157D21}.AppStore|Any CPU.ActiveCfg = Release|x86
		{9651E45F-3A96-4885-A249-F75A20157D21}.AppStore|Any CPU.Build.0 = Release|x86
		{9651E45F-3A96-4885-A249-F75A20157D21}.AppStore|Any CPU.Deploy.0 = Release|x86
		{9651E45F-3A96-4885-A249-F75A20157D21}.AppStore|ARM.ActiveCfg = Release|ARM
		{9651E45F-3A96-4885-A249-F75A20157D21}.AppStore|ARM.Build.0 = Release|ARM
		{9651E45F-3A96-4885-A249-F75A20157D21}.AppStore|ARM.Deploy.0 = Release|ARM
		{9651E45F-3A96-4885-A249-F75A20157D21}.AppStore|iPhone.ActiveCfg = Release|x86
		{9651E45F-3A96-4885-A249-F75A20157D21}.AppStore|iPhone.Build.0 = Release|x86
		{9651E45F-3A96-4885-A249-F75A20157D21}.AppStore|iPhone.Deploy.0 = Release|x86
		{9651E45F-3A96-4885-A249-F75A20157D21}.AppStore|iPhoneSimulator.ActiveCfg = Release|x86
		{9651E45F-3A96-4885-A249-F75A20157D21}.AppStore|iPhoneSimulator.Build.0 = Release|x86
		{9651E45F-3A96-4885-A249-F75A20157D21}.AppStore|iPhoneSimulator.Deploy.0 = Release|x86
		{9651E45F-3A96-4885-A249-F75A20157D21}.AppStore|x64.ActiveCfg = Release|x64
		{9651E45F-3A96-4885-A249-F75A20157D21}.AppStore|x64.Build.0 = Release|x64
		{9651E45F-3A96-4885-A249-F75A20157D21}.AppStore|x64.Deploy.0 = Release|x64
		{9651E45F-3A96-4885-A249-F75A20157D21}.AppStore|x86.ActiveCfg = Release|x86
		{9651E45F-3A96-4885-A249-F75A20157D21}.AppStore|x86.Build.0 = Release|x86
		{9651E45F-3A96-4885-A249-F75A20157D21}.AppStore|x86.Deploy.0 = Release|x86
		{9651E45F-3A96-4885-A249-F75A20157D21}.Debug|Any CPU.ActiveCfg = Debug|x86
		{9651E45F-3A96-4885-A249-F75A20157D21}.Debug|ARM.ActiveCfg = Debug|ARM
		{9651E45F-3A96-4885-A249-F75A20157D21}.Debug|ARM.Build.0 = Debug|ARM
		{9651E45F-3A96-4885-A249-F75A20157D21}.Debug|ARM.Deploy.0 = Debug|ARM
		{9651E45F-3A96-4885-A249-F75A20157D21}.Debug|iPhone.ActiveCfg = Debug|x86
		{9651E45F-3A96-4885-A249-F75A20157D21}.Debug|iPhoneSimulator.ActiveCfg = Debug|x86
		{9651E45F-3A96-4885-A249-F75A20157D21}.Debug|x64.ActiveCfg = Debug|x64
		{9651E45F-3A96-4885-A249-F75A20157D21}.Debug|x64.Build.0 = Debug|x64
		{9651E45F-3A96-4885-A249-F75A20157D21}.Debug|x64.Deploy.0 = Debug|x64
		{9651E45F-3A96-4885-A249-F75A20157D21}.Debug|x86.ActiveCfg = Debug|x86
		{9651E45F-3A96-4885-A249-F75A20157D21}.Debug|x86.Build.0 = Debug|x86
		{9651E45F-3A96-4885-A249-F75A20157D21}.Debug|x86.Deploy.0 = Debug|x86
		{9651E45F-3A96-4885-A249-F75A20157D21}.Release|Any CPU.ActiveCfg = Release|x86
		{9651E45F-3A96-4885-A249-F75A20157D21}.Release|ARM.ActiveCfg = Release|ARM
		{9651E45F-3A96-4885-A249-F75A20157D21}.Release|ARM.Build.0 = Release|ARM
		{9651E45F-3A96-4885-A249-F75A20157D21}.Release|ARM.Deploy.0 = Release|ARM
		{9651E45F-3A96-4885-A249-F75A20157D21}.Release|iPhone.ActiveCfg = Release|x86
		{9651E45F-3A96-4885-A249-F75A20157D21}.Release|iPhoneSimulator.ActiveCfg = Release|x86
		{9651E45F-3A96-4885-A249-F75A20157D21}.Release|x64.ActiveCfg = Release|x64
		{9651E45F-3A96-4885-A249-F75A20157D21}.Release|x64.Build.0 = Release|x64
		{9651E45F-3A96-4885-A249-F75A20157D21}.Release|x64.Deploy.0 = Release|x64
		{9651E45F-3A96-4885-A249-F75A20157D21}.Release|x86.ActiveCfg = Release|x86
		{9651E45F-3A96-4885-A249-F75A20157D21}.Release|x86.Build.0 = Release|x86
		{9651E45F-3A96-4885-A249-F75A20157D21}.Release|x86.Deploy.0 = Release|x86
		{F34C43BB-BDA7-4791-8A09-F8A8504F3EA8}.Ad-Hoc|Any CPU.ActiveCfg = Ad-Hoc|iPhone
		{F34C43BB-BDA7-4791-8A09-F8A8504F3EA8}.Ad-Hoc|ARM.ActiveCfg = Ad-Hoc|iPhone
		{F34C43BB-BDA7-4791-8A09-F8A8504F3EA8}.Ad-Hoc|iPhone.ActiveCfg = Ad-Hoc|iPhone
		{F34C43BB-BDA7-4791-8A09-F8A8504F3EA8}.Ad-Hoc|iPhone.Build.0 = Ad-Hoc|iPhone
		{F34C43BB-BDA7-4791-8A09-F8A8504F3EA8}.Ad-Hoc|iPhoneSimulator.ActiveCfg = Ad-Hoc|iPhoneSimulator
		{F34C43BB-BDA7-4791-8A09-F8A8504F3EA8}.Ad-Hoc|iPhoneSimulator.Build.0 = Ad-Hoc|iPhoneSimulator
		{F34C43BB-BDA7-4791-8A09-F8A8504F3EA8}.Ad-Hoc|x64.ActiveCfg = Ad-Hoc|iPhone
		{F34C43BB-BDA7-4791-8A09-F8A8504F3EA8}.Ad-Hoc|x86.ActiveCfg = Ad-Hoc|iPhone
		{F34C43BB-BDA7-4791-8A09-F8A8504F3EA8}.AppStore|Any CPU.ActiveCfg = AppStore|iPhone
		{F34C43BB-BDA7-4791-8A09-F8A8504F3EA8}.AppStore|ARM.ActiveCfg = AppStore|iPhone
		{F34C43BB-BDA7-4791-8A09-F8A8504F3EA8}.AppStore|iPhone.ActiveCfg = AppStore|iPhone
		{F34C43BB-BDA7-4791-8A09-F8A8504F3EA8}.AppStore|iPhone.Build.0 = AppStore|iPhone
		{F34C43BB-BDA7-4791-8A09-F8A8504F3EA8}.AppStore|iPhoneSimulator.ActiveCfg = AppStore|iPhoneSimulator
		{F34C43BB-BDA7-4791-8A09-F8A8504F3EA8}.AppStore|iPhoneSimulator.Build.0 = AppStore|iPhoneSimulator
		{F34C43BB-BDA7-4791-8A09-F8A8504F3EA8}.AppStore|x64.ActiveCfg = AppStore|iPhone
		{F34C43BB-BDA7-4791-8A09-F8A8504F3EA8}.AppStore|x86.ActiveCfg = AppStore|iPhone
		{F34C43BB-BDA7-4791-8A09-F8A8504F3EA8}.Debug|Any CPU.ActiveCfg = Debug|iPhone
		{F34C43BB-BDA7-4791-8A09-F8A8504F3EA8}.Debug|ARM.ActiveCfg = Debug|iPhone
		{F34C43BB-BDA7-4791-8A09-F8A8504F3EA8}.Debug|iPhone.ActiveCfg = Debug|iPhone
		{F34C43BB-BDA7-4791-8A09-F8A8504F3EA8}.Debug|iPhone.Build.0 = Debug|iPhone
		{F34C43BB-BDA7-4791-8A09-F8A8504F3EA8}.Debug|iPhoneSimulator.ActiveCfg = Debug|iPhoneSimulator
		{F34C43BB-BDA7-4791-8A09-F8A8504F3EA8}.Debug|iPhoneSimulator.Build.0 = Debug|iPhoneSimulator
		{F34C43BB-BDA7-4791-8A09-F8A8504F3EA8}.Debug|x64.ActiveCfg = Debug|iPhone
		{F34C43BB-BDA7-4791-8A09-F8A8504F3EA8}.Debug|x86.ActiveCfg = Debug|iPhone
		{F34C43BB-BDA7-4791-8A09-F8A8504F3EA8}.Release|Any CPU.ActiveCfg = Release|iPhone
		{F34C43BB-BDA7-4791-8A09-F8A8504F3EA8}.Release|ARM.ActiveCfg = Release|iPhone
		{F34C43BB-BDA7-4791-8A09-F8A8504F3EA8}.Release|iPhone.ActiveCfg = Release|iPhone
		{F34C43BB-BDA7-4791-8A09-F8A8504F3EA8}.Release|iPhone.Build.0 = Release|iPhone
		{F34C43BB-BDA7-4791-8A09-F8A8504F3EA8}.Release|iPhoneSimulator.ActiveCfg = Release|iPhoneSimulator
		{F34C43BB-BDA7-4791-8A09-F8A8504F3EA8}.Release|iPhoneSimulator.Build.0 = Release|iPhoneSimulator
		{F34C43BB-BDA7-4791-8A09-F8A8504F3EA8}.Release|x64.ActiveCfg = Release|iPhone
		{F34C43BB-BDA7-4791-8A09-F8A8504F3EA8}.Release|x86.ActiveCfg = Release|iPhone
	EndGlobalSection
	GlobalSection(SolutionProperties) = preSolution
		HideSolutionNode = FALSE
	EndGlobalSection
	GlobalSection(ExtensibilityGlobals) = postSolution
		SolutionGuid = {17B8B13E-F6C2-456A-92B9-36EEA6CE0815}
	EndGlobalSection
EndGlobal
